<?xml version="1.0" encoding="utf-8"?>
<Project ToolsVersion="4.0" xmlns="http://schemas.microsoft.com/developer/msbuild/2003">
  <ItemGroup>
    <ClCompile Include="Source\Cam.cpp">
      <Filter>Misc\Others\Cam</Filter>
    </ClCompile>
    <ClCompile Include="Source\Mesh.cpp">
      <Filter>Misc\Others\Geo</Filter>
    </ClCompile>
    <ClCompile Include="Source\MeshBuilder.cpp">
      <Filter>Misc\Others\Geo</Filter>
    </ClCompile>
    <ClCompile Include="Source\shader.cpp">
      <Filter>Misc\Others\Graphics</Filter>
    </ClCompile>
    <ClCompile Include="Source\LoadImg.cpp">
      <Filter>Misc\Others\Graphics</Filter>
    </ClCompile>
    <ClCompile Include="Source\SpriteAni.cpp">
      <Filter>Misc\Others\Geo</Filter>
    </ClCompile>
    <ClCompile Include="Source\SceneSupport.cpp">
      <Filter>Scene</Filter>
    </ClCompile>
    <ClCompile Include="Source\State.cpp">
      <Filter>State</Filter>
    </ClCompile>
    <ClCompile Include="Source\Listener.cpp">
      <Filter>Event</Filter>
    </ClCompile>
    <ClCompile Include="Source\Event.cpp">
      <Filter>Event</Filter>
    </ClCompile>
    <ClCompile Include="Source\Publisher.cpp">
      <Filter>Event</Filter>
    </ClCompile>
    <ClCompile Include="Source\Scene.cpp">
      <Filter>Scene</Filter>
    </ClCompile>
    <ClCompile Include="Source\Sim.cpp">
      <Filter>Sim</Filter>
    </ClCompile>
    <ClCompile Include="Source\App.cpp">
      <Filter>Misc</Filter>
    </ClCompile>
    <ClCompile Include="Source\EntryPt.cpp">
      <Filter>Misc</Filter>
    </ClCompile>
    <ClCompile Include="Source\EventAddCredits.cpp">
      <Filter>Event\Events</Filter>
    </ClCompile>
    <ClCompile Include="Source\StateHelpers.cpp">
      <Filter>State</Filter>
    </ClCompile>
    <ClCompile Include="Source\EventResetSelected.cpp">
      <Filter>Event\Events</Filter>
    </ClCompile>
    <ClCompile Include="Source\EventDespawnEntity.cpp">
      <Filter>Event\Events</Filter>
    </ClCompile>
  </ItemGroup>
  <ItemGroup>
    <ClInclude Include="Source\Cam.h">
      <Filter>Misc\Others\Cam</Filter>
    </ClInclude>
    <ClInclude Include="Source\Mesh.h">
      <Filter>Misc\Others\Geo</Filter>
    </ClInclude>
    <ClInclude Include="Source\MeshBuilder.h">
      <Filter>Misc\Others\Geo</Filter>
    </ClInclude>
    <ClInclude Include="Source\shader.h">
      <Filter>Misc\Others\Graphics</Filter>
    </ClInclude>
    <ClInclude Include="Source\Material.h">
      <Filter>Misc\Others\Graphics</Filter>
    </ClInclude>
    <ClInclude Include="Source\LoadImg.h">
      <Filter>Misc\Others\Graphics</Filter>
    </ClInclude>
    <ClInclude Include="Source\SpriteAni.h">
      <Filter>Misc\Others\Geo</Filter>
    </ClInclude>
    <ClInclude Include="Source\StateMachine.h">
      <Filter>State</Filter>
    </ClInclude>
    <ClInclude Include="Source\IScene.hpp">
      <Filter>Scene</Filter>
    </ClInclude>
    <ClInclude Include="Source\SceneSupport.h">
      <Filter>Scene</Filter>
    </ClInclude>
    <ClInclude Include="Source\State.h">
      <Filter>State</Filter>
    </ClInclude>
    <ClInclude Include="Source\StateID.hpp">
      <Filter>State</Filter>
    </ClInclude>
    <ClInclude Include="Source\EventID.hpp">
      <Filter>Event</Filter>
    </ClInclude>
    <ClInclude Include="Source\Listener.h">
      <Filter>Event</Filter>
    </ClInclude>
    <ClInclude Include="Source\Event.h">
      <Filter>Event</Filter>
    </ClInclude>
    <ClInclude Include="Source\Publisher.h">
      <Filter>Event</Filter>
    </ClInclude>
    <ClInclude Include="Source\ListenerFlags.hpp">
      <Filter>Event</Filter>
    </ClInclude>
    <ClInclude Include="Source\Vertex.h">
      <Filter>Misc\Others\Geo</Filter>
    </ClInclude>
    <ClInclude Include="Source\HexGrid.h">
      <Filter>Misc</Filter>
    </ClInclude>
    <ClInclude Include="Source\TileCost.hpp">
      <Filter>Misc</Filter>
    </ClInclude>
    <ClInclude Include="Source\TileType.hpp">
      <Filter>Misc</Filter>
    </ClInclude>
    <ClInclude Include="Source\Scene.h">
      <Filter>Scene</Filter>
    </ClInclude>
    <ClInclude Include="Source\Entity.h">
      <Filter>Entity</Filter>
    </ClInclude>
    <ClInclude Include="Source\EntityAttribs.hpp">
      <Filter>Entity</Filter>
    </ClInclude>
    <ClInclude Include="Source\EntityTeam.hpp">
      <Filter>Entity</Filter>
    </ClInclude>
    <ClInclude Include="Source\EntityType.hpp">
      <Filter>Entity</Filter>
    </ClInclude>
    <ClInclude Include="Source\Easing.hpp">
      <Filter>Misc</Filter>
    </ClInclude>
    <ClInclude Include="Source\Rounding.hpp">
      <Filter>Misc</Filter>
    </ClInclude>
    <ClInclude Include="Source\EntityFacingDir.hpp">
      <Filter>Entity</Filter>
    </ClInclude>
    <ClInclude Include="Source\EntityActionType.hpp">
      <Filter>Entity</Filter>
    </ClInclude>
    <ClInclude Include="Source\EntityVisionType.hpp">
      <Filter>Entity</Filter>
    </ClInclude>
    <ClInclude Include="Source\Sim.h">
      <Filter>Sim</Filter>
    </ClInclude>
    <ClInclude Include="Source\SimTimeOfDay.hpp">
      <Filter>Sim</Filter>
    </ClInclude>
    <ClInclude Include="Source\SimRuntimeStatus.hpp">
      <Filter>Sim</Filter>
    </ClInclude>
    <ClInclude Include="Source\SimTurn.hpp">
      <Filter>Sim</Filter>
    </ClInclude>
    <ClInclude Include="Source\App.h">
      <Filter>Misc</Filter>
    </ClInclude>
    <ClInclude Include="Source\EventAddCredits.h">
      <Filter>Event\Events</Filter>
    </ClInclude>
    <ClInclude Include="Source\EntityFactory.h">
      <Filter>Entity</Filter>
    </ClInclude>
    <ClInclude Include="Source\ObjPool.h">
      <Filter>Misc</Filter>
    </ClInclude>
    <ClInclude Include="Source\GunnerCreationAttribs.h">
      <Filter>Entity\EntityCreation\CreationAttribs</Filter>
    </ClInclude>
    <ClInclude Include="Source\HealerCreationAttribs.h">
      <Filter>Entity\EntityCreation\CreationAttribs</Filter>
    </ClInclude>
    <ClInclude Include="Source\KnightCreationAttribs.h">
      <Filter>Entity\EntityCreation\CreationAttribs</Filter>
    </ClInclude>
    <ClInclude Include="Source\EntityCreationHelpers.h">
      <Filter>Entity\EntityCreation</Filter>
    </ClInclude>
    <ClInclude Include="Source\IEntityCreationAttribs.hpp">
      <Filter>Entity\EntityCreation</Filter>
    </ClInclude>
    <ClInclude Include="Source\StateAttackGunner.h">
      <Filter>State\States\GunnerStates</Filter>
    </ClInclude>
    <ClInclude Include="Source\StateAttackKnight.h">
      <Filter>State\States\KnightStates</Filter>
    </ClInclude>
    <ClInclude Include="Source\StateChaseGunner.h">
      <Filter>State\States\GunnerStates</Filter>
    </ClInclude>
    <ClInclude Include="Source\StateChaseKnight.h">
      <Filter>State\States\KnightStates</Filter>
    </ClInclude>
    <ClInclude Include="Source\StateDeadGunner.h">
      <Filter>State\States\GunnerStates</Filter>
    </ClInclude>
    <ClInclude Include="Source\StateDeadHealer.h">
      <Filter>State\States\HealerStates</Filter>
    </ClInclude>
    <ClInclude Include="Source\StateDeadKnight.h">
      <Filter>State\States\KnightStates</Filter>
    </ClInclude>
    <ClInclude Include="Source\StateHealHealer.h">
      <Filter>State\States\HealerStates</Filter>
    </ClInclude>
    <ClInclude Include="Source\StateIdleGunner.h">
      <Filter>State\States\GunnerStates</Filter>
    </ClInclude>
    <ClInclude Include="Source\StateIdleKnight.h">
      <Filter>State\States\KnightStates</Filter>
    </ClInclude>
    <ClInclude Include="Source\StatePatrolGunner.h">
      <Filter>State\States\GunnerStates</Filter>
    </ClInclude>
    <ClInclude Include="Source\StatePatrolKnight.h">
      <Filter>State\States\KnightStates</Filter>
    </ClInclude>
    <ClInclude Include="Source\StateHelpers.h">
      <Filter>State</Filter>
    </ClInclude>
    <ClInclude Include="Source\StateIdleHealer.h">
      <Filter>State\States\HealerStates</Filter>
    </ClInclude>
    <ClInclude Include="Source\EventResetSelected.h">
      <Filter>Event\Events</Filter>
    </ClInclude>
    <ClInclude Include="Source\AStar.h">
      <Filter>AStar</Filter>
    </ClInclude>
    <ClInclude Include="Source\AStarNode.h">
      <Filter>AStar</Filter>
    </ClInclude>
    <ClInclude Include="Source\EventDespawnEntity.h">
      <Filter>Event\Events</Filter>
    </ClInclude>
    <ClInclude Include="Source\StateChaseHealer.h">
      <Filter>State\States\HealerStates</Filter>
    </ClInclude>
  </ItemGroup>
  <ItemGroup>
    <Filter Include="Scene">
      <UniqueIdentifier>{3e478f95-a261-486d-a885-0c948a3e3b5d}</UniqueIdentifier>
    </Filter>
    <Filter Include="State">
      <UniqueIdentifier>{f168dbf7-5f9e-420d-9b28-a8347a27380c}</UniqueIdentifier>
    </Filter>
    <Filter Include="Event">
      <UniqueIdentifier>{daa924bf-3cb9-4670-bc73-a5c16acb65f7}</UniqueIdentifier>
    </Filter>
    <Filter Include="State\States">
      <UniqueIdentifier>{d8ebda90-5e16-4a07-92f8-788cb92bd036}</UniqueIdentifier>
    </Filter>
    <Filter Include="Event\Events">
      <UniqueIdentifier>{13355d01-0992-48a1-87f9-ea6f108904d0}</UniqueIdentifier>
    </Filter>
    <Filter Include="Misc">
      <UniqueIdentifier>{4cbf9812-0b34-4709-963a-225b9ab37d8d}</UniqueIdentifier>
    </Filter>
    <Filter Include="Sim">
      <UniqueIdentifier>{80b13a21-6bf8-4f34-9013-1530f7f61ef9}</UniqueIdentifier>
    </Filter>
    <Filter Include="Misc\Others">
      <UniqueIdentifier>{72fc995e-75e1-460b-96aa-e851e099c6d7}</UniqueIdentifier>
    </Filter>
    <Filter Include="Misc\Others\Graphics">
      <UniqueIdentifier>{22a36be1-6d5a-42b8-8312-e223bf2049ed}</UniqueIdentifier>
    </Filter>
    <Filter Include="Misc\Others\Cam">
      <UniqueIdentifier>{da9cd1db-5aa8-488c-8c12-520d42b9fe9b}</UniqueIdentifier>
    </Filter>
    <Filter Include="Misc\Others\Geo">
      <UniqueIdentifier>{37d76fe8-74a2-4162-8ab6-ca7cd9ac199f}</UniqueIdentifier>
    </Filter>
    <Filter Include="Misc\Others\Shaders">
      <UniqueIdentifier>{66b8b471-8130-446e-a930-3e71384e6365}</UniqueIdentifier>
    </Filter>
    <Filter Include="Entity">
      <UniqueIdentifier>{14dcf655-cd65-4a91-8e2e-c0a7b40258a4}</UniqueIdentifier>
    </Filter>
    <Filter Include="Entity\EntityCreation">
      <UniqueIdentifier>{8da4ecc9-aba2-4054-89a5-6e33f126f3cc}</UniqueIdentifier>
    </Filter>
    <Filter Include="Entity\EntityCreation\CreationAttribs">
      <UniqueIdentifier>{ae5e80a8-1856-44d4-b64a-6a956bee3c90}</UniqueIdentifier>
    </Filter>
    <Filter Include="State\States\KnightStates">
      <UniqueIdentifier>{029c27cd-90a3-4483-9aba-f5986f6bdd19}</UniqueIdentifier>
    </Filter>
    <Filter Include="State\States\GunnerStates">
      <UniqueIdentifier>{d0d44d21-e259-4197-97c4-84de2137fd13}</UniqueIdentifier>
    </Filter>
    <Filter Include="State\States\HealerStates">
      <UniqueIdentifier>{c8840ca2-b19d-4861-8801-09113e00887c}</UniqueIdentifier>
    </Filter>
    <Filter Include="AStar">
      <UniqueIdentifier>{9c5daba6-574c-4dbd-a0ef-59c9201727a5}</UniqueIdentifier>
    </Filter>
  </ItemGroup>
  <ItemGroup>
    <None Include="Source\StateMachine.inl">
      <Filter>State</Filter>
    </None>
    <None Include="Shaders\AI.fragS">
      <Filter>Misc\Others\Shaders</Filter>
    </None>
    <None Include="Shaders\AI.vertexS">
      <Filter>Misc\Others\Shaders</Filter>
    </None>
    <None Include="Source\HexGrid.inl">
      <Filter>Misc</Filter>
    </None>
    <None Include="Source\Entity.inl">
      <Filter>Entity</Filter>
    </None>
    <None Include="Source\EntityFactory.inl">
      <Filter>Entity</Filter>
    </None>
    <None Include="Source\ObjPool.inl">
      <Filter>Misc</Filter>
    </None>
    <None Include="Source\GunnerCreationAttribs.inl">
      <Filter>Entity\EntityCreation\CreationAttribs</Filter>
    </None>
    <None Include="Source\HealerCreationAttribs.inl">
      <Filter>Entity\EntityCreation\CreationAttribs</Filter>
    </None>
    <None Include="Source\KnightCreationAttribs.inl">
      <Filter>Entity\EntityCreation\CreationAttribs</Filter>
    </None>
    <None Include="Source\EntityCreationHelpers.inl">
      <Filter>Entity\EntityCreation</Filter>
    </None>
    <None Include="Source\StateAttackGunner.inl">
      <Filter>State\States\GunnerStates</Filter>
    </None>
    <None Include="Source\StateAttackKnight.inl">
      <Filter>State\States\KnightStates</Filter>
    </None>
    <None Include="Source\StateChaseGunner.inl">
      <Filter>State\States\GunnerStates</Filter>
    </None>
    <None Include="Source\StateChaseKnight.inl">
      <Filter>State\States\KnightStates</Filter>
    </None>
    <None Include="Source\StateDeadGunner.inl">
      <Filter>State\States\GunnerStates</Filter>
    </None>
    <None Include="Source\StateDeadHealer.inl">
      <Filter>State\States\HealerStates</Filter>
    </None>
    <None Include="Source\StateHealHealer.inl">
      <Filter>State\States\HealerStates</Filter>
    </None>
    <None Include="Source\StateIdleGunner.inl">
      <Filter>State\States\GunnerStates</Filter>
    </None>
    <None Include="Source\StateIdleKnight.inl">
      <Filter>State\States\KnightStates</Filter>
    </None>
    <None Include="Source\StatePatrolGunner.inl">
      <Filter>State\States\GunnerStates</Filter>
    </None>
    <None Include="Source\StatePatrolKnight.inl">
      <Filter>State\States\KnightStates</Filter>
    </None>
    <None Include="cpp.hint" />
    <None Include="Source\StateDeadKnight.inl">
      <Filter>State\States\KnightStates</Filter>
    </None>
    <None Include="Source\StateIdleHealer.inl">
      <Filter>State\States\HealerStates</Filter>
    </None>
    <None Include="Source\AStar.inl">
      <Filter>AStar</Filter>
    </None>
    <None Include="Source\AStarNode.inl">
      <Filter>AStar</Filter>
    </None>
    <None Include="Source\StateChaseHealer.inl">
      <Filter>State\States\HealerStates</Filter>
    </None>
  </ItemGroup>
</Project>